# THIS IS AN AUTOGENERATED FILE. DO NOT EDIT THIS FILE DIRECTLY.
# yarn lockfile v1


"@anycable/core@^0.5.0":
  version "0.5.6"
  resolved "https://registry.yarnpkg.com/@anycable/core/-/core-0.5.6.tgz#b576fc89c3b481f7f5f38773ecf7a1367e5bea35"
  integrity sha512-9WAd1ep7kPsjGmDPopTg8/Gl/ruYaapVzDDAM8VhKZ20ncfpQA6D9frOfgGqr7uG+g+6rBCqHtuBXlrVmXddvg==
  dependencies:
    nanoevents "^6.0.0"

"@anycable/web@^0.5.2":
  version "0.5.2"
  resolved "https://registry.yarnpkg.com/@anycable/web/-/web-0.5.2.tgz#bfdb0ae925bd6017052eca0f713ec06fa1fb5d63"
  integrity sha512-GveeZMBGpeSF//BB7NAnV6BJUj0DCVO2ORTxr1cun3z7WSHdd0MG6NPICb6EOKrFDbar5YpTq2eRoADnSpXA8g==
  dependencies:
    "@anycable/core" "^0.5.0"

nanoevents@^6.0.0:
  version "6.0.2"
  resolved "https://registry.yarnpkg.com/nanoevents/-/nanoevents-6.0.2.tgz#3824031c7beab754b04ae5a17936c0fc7b6a183c"
  integrity sha512-FRS2otuFcPPYDPYViNWQ42+1iZqbXydinkRHTHFxrF4a1CpBfmydR9zkI44WSXAXCyPrkcGtPk5CnpW6Y3lFKQ==
